
Microsoft Visual Studio Solution File, Format Version 12.00
# Visual Studio 15
VisualStudioVersion = 15.0.27703.2018
MinimumVisualStudioVersion = 10.0.40219.1
Project("{FAE04EC0-301F-11D3-BF4B-00C04F79EFBC}") = "FYM_SIPII", "FYM_SIPII\FYM_SIPII.csproj", "{84434519-2273-4461-B888-CC3BECDC14D5}"
EndProject
Global
	GlobalSection(SolutionConfigurationPlatforms) = preSolution
		Debug|Any CPU = Debug|Any CPU
		Release|Any CPU = Release|Any CPU
	EndGlobalSection
	GlobalSection(ProjectConfigurationPlatforms) = postSolution
		{84434519-2273-4461-B888-CC3BECDC14D5}.Debug|Any CPU.ActiveCfg = Debug|Any CPU
		{84434519-2273-4461-B888-CC3BECDC14D5}.Debug|Any CPU.Build.0 = Debug|Any CPU
		{84434519-2273-4461-B888-CC3BECDC14D5}.Release|Any CPU.ActiveCfg = Release|Any CPU
		{84434519-2273-4461-B888-CC3BECDC14D5}.Release|Any CPU.Build.0 = Release|Any CPU
	EndGlobalSection
	GlobalSection(SolutionProperties) = preSolution
		HideSolutionNode = FALSE
	EndGlobalSection
	GlobalSection(ExtensibilityGlobals) = postSolution
		SolutionGuid = {6B994C2B-62D1-448F-94A3-3136D9C0630F}
	EndGlobalSection
EndGlobal
